DEPENDENCIES
  git
  openssl
  remi-env
    path: .
    metadata: true
  vim
  yum-epel
  yum-repoforge

GRAPH
  apt (2.8.1)
  build-essential (2.2.3)
  chef-sugar (3.1.1)
  chef_handler (1.2.0)
  dmg (2.2.2)
  git (4.3.3)
    build-essential (>= 0.0.0)
    dmg (>= 0.0.0)
    windows (>= 0.0.0)
    yum-epel (>= 0.0.0)
  ohai (2.0.1)
  openssl (4.3.2)
    chef-sugar (>= 3.1.1)
  rbenv (1.7.1)
    apt (>= 0.0.0)
    build-essential (>= 0.0.0)
    git (>= 0.0.0)
    ohai (>= 1.1)
  remi-env (0.1.0)
    git (>= 0.0.0)
    openssl (>= 0.0.0)
    rbenv (>= 0.0.0)
    vim (>= 0.0.0)
    yum (>= 0.0.0)
    yum-epel (>= 0.0.0)
    yum-repoforge (>= 0.0.0)
  vim (1.1.2)
  windows (1.38.1)
    chef_handler (>= 0.0.0)
  yum (3.6.3)
  yum-epel (0.6.2)
    yum (~> 3.2)
  yum-repoforge (0.5.3)
    yum (~> 3.2)
    yum-epel (>= 0.0.0)
